
Microsoft Visual Studio Solution File, Format Version 12.00
# Visual Studio Version 16
VisualStudioVersion = 16.0.28729.10
MinimumVisualStudioVersion = 10.0.40219.1
Project("{9A19103F-16F7-4668-BE54-9A1E7A4F7556}") = "PizzariaOOP.Core", "PizzariaOOP.Core\PizzariaOOP.Core.csproj", "{3F058153-50F3-4075-8FEF-2727E7661F35}"
EndProject
Project("{9A19103F-16F7-4668-BE54-9A1E7A4F7556}") = "PizzariaOOP.Tests", "PizzariaOOP.Tests\PizzariaOOP.Tests.csproj", "{C62724D3-B634-4C16-B3C7-C4585DC3BEB6}"
EndProject
Project("{9A19103F-16F7-4668-BE54-9A1E7A4F7556}") = "PizzariaOOP.Api", "PizzariaOOP.Api\PizzariaOOP.Api.csproj", "{54AE0F55-F045-4150-B0F0-A11132221F5E}"
EndProject
Project("{2150E333-8FDC-42A3-9474-1A3956D46DE8}") = "Solution Items", "Solution Items", "{10A9E45A-851E-4542-915D-3CED3B443183}"
	ProjectSection(SolutionItems) = preProject
		README.md = README.md
	EndProjectSection
EndProject
Global
	GlobalSection(SolutionConfigurationPlatforms) = preSolution
		Debug|Any CPU = Debug|Any CPU
		Release|Any CPU = Release|Any CPU
	EndGlobalSection
	GlobalSection(ProjectConfigurationPlatforms) = postSolution
		{3F058153-50F3-4075-8FEF-2727E7661F35}.Debug|Any CPU.ActiveCfg = Debug|Any CPU
		{3F058153-50F3-4075-8FEF-2727E7661F35}.Debug|Any CPU.Build.0 = Debug|Any CPU
		{3F058153-50F3-4075-8FEF-2727E7661F35}.Release|Any CPU.ActiveCfg = Release|Any CPU
		{3F058153-50F3-4075-8FEF-2727E7661F35}.Release|Any CPU.Build.0 = Release|Any CPU
		{C62724D3-B634-4C16-B3C7-C4585DC3BEB6}.Debug|Any CPU.ActiveCfg = Debug|Any CPU
		{C62724D3-B634-4C16-B3C7-C4585DC3BEB6}.Debug|Any CPU.Build.0 = Debug|Any CPU
		{C62724D3-B634-4C16-B3C7-C4585DC3BEB6}.Release|Any CPU.ActiveCfg = Release|Any CPU
		{C62724D3-B634-4C16-B3C7-C4585DC3BEB6}.Release|Any CPU.Build.0 = Release|Any CPU
		{54AE0F55-F045-4150-B0F0-A11132221F5E}.Debug|Any CPU.ActiveCfg = Debug|Any CPU
		{54AE0F55-F045-4150-B0F0-A11132221F5E}.Debug|Any CPU.Build.0 = Debug|Any CPU
		{54AE0F55-F045-4150-B0F0-A11132221F5E}.Release|Any CPU.ActiveCfg = Release|Any CPU
		{54AE0F55-F045-4150-B0F0-A11132221F5E}.Release|Any CPU.Build.0 = Release|Any CPU
	EndGlobalSection
	GlobalSection(SolutionProperties) = preSolution
		HideSolutionNode = FALSE
	EndGlobalSection
	GlobalSection(ExtensibilityGlobals) = postSolution
		SolutionGuid = {9B5969FE-C7F2-4EEB-93E0-7B6357987EA5}
	EndGlobalSection
EndGlobal
